
Microsoft Visual Studio Solution File, Format Version 12.00
# Visual Studio Version 16
VisualStudioVersion = 16.0.28803.452
MinimumVisualStudioVersion = 10.0.40219.1
Project("{FAE04EC0-301F-11D3-BF4B-00C04F79EFBC}") = "04 - Form", "04 - Form\04 - Form.csproj", "{FC750797-4116-4C60-96E9-F81EE7610A99}"
EndProject
Global
	GlobalSection(SolutionConfigurationPlatforms) = preSolution
		Debug|Any CPU = Debug|Any CPU
		Release|Any CPU = Release|Any CPU
	EndGlobalSection
	GlobalSection(ProjectConfigurationPlatforms) = postSolution
		{FC750797-4116-4C60-96E9-F81EE7610A99}.Debug|Any CPU.ActiveCfg = Debug|Any CPU
		{FC750797-4116-4C60-96E9-F81EE7610A99}.Debug|Any CPU.Build.0 = Debug|Any CPU
		{FC750797-4116-4C60-96E9-F81EE7610A99}.Release|Any CPU.ActiveCfg = Release|Any CPU
		{FC750797-4116-4C60-96E9-F81EE7610A99}.Release|Any CPU.Build.0 = Release|Any CPU
	EndGlobalSection
	GlobalSection(SolutionProperties) = preSolution
		HideSolutionNode = FALSE
	EndGlobalSection
	GlobalSection(ExtensibilityGlobals) = postSolution
		SolutionGuid = {916A47B0-53F9-42E9-BCFA-2E191B7E61A4}
	EndGlobalSection
EndGlobal
