
Microsoft Visual Studio Solution File, Format Version 12.00
# Visual Studio Version 16
VisualStudioVersion = 16.0.28803.452
MinimumVisualStudioVersion = 10.0.40219.1
Project("{FAE04EC0-301F-11D3-BF4B-00C04F79EFBC}") = "19 - Bloco de Notas Simples", "19 - Bloco de Notas Simples\19 - Bloco de Notas Simples.csproj", "{7B06CF2B-1940-423C-83AC-F22307CA8584}"
EndProject
Global
	GlobalSection(SolutionConfigurationPlatforms) = preSolution
		Debug|Any CPU = Debug|Any CPU
		Release|Any CPU = Release|Any CPU
	EndGlobalSection
	GlobalSection(ProjectConfigurationPlatforms) = postSolution
		{7B06CF2B-1940-423C-83AC-F22307CA8584}.Debug|Any CPU.ActiveCfg = Debug|Any CPU
		{7B06CF2B-1940-423C-83AC-F22307CA8584}.Debug|Any CPU.Build.0 = Debug|Any CPU
		{7B06CF2B-1940-423C-83AC-F22307CA8584}.Release|Any CPU.ActiveCfg = Release|Any CPU
		{7B06CF2B-1940-423C-83AC-F22307CA8584}.Release|Any CPU.Build.0 = Release|Any CPU
	EndGlobalSection
	GlobalSection(SolutionProperties) = preSolution
		HideSolutionNode = FALSE
	EndGlobalSection
	GlobalSection(ExtensibilityGlobals) = postSolution
		SolutionGuid = {37A3BA07-681D-4600-946D-DADDB3E6A110}
	EndGlobalSection
EndGlobal
